
Microsoft Visual Studio Solution File, Format Version 12.00
# Visual Studio Version 17
VisualStudioVersion = 17.9.34728.123
MinimumVisualStudioVersion = 10.0.40219.1
Project("{FAE04EC0-301F-11D3-BF4B-00C04F79EFBC}") = "ReceiveEvents", "ReceiveEvents.csproj", "{C3F59C4D-9A75-4642-AF40-606A2ACBECDA}"
EndProject
Global
	GlobalSection(SolutionConfigurationPlatforms) = preSolution
		Debug|Any CPU = Debug|Any CPU
		Release|Any CPU = Release|Any CPU
	EndGlobalSection
	GlobalSection(ProjectConfigurationPlatforms) = postSolution
		{C3F59C4D-9A75-4642-AF40-606A2ACBECDA}.Debug|Any CPU.ActiveCfg = Debug|Any CPU
		{C3F59C4D-9A75-4642-AF40-606A2ACBECDA}.Debug|Any CPU.Build.0 = Debug|Any CPU
		{C3F59C4D-9A75-4642-AF40-606A2ACBECDA}.Release|Any CPU.ActiveCfg = Release|Any CPU
		{C3F59C4D-9A75-4642-AF40-606A2ACBECDA}.Release|Any CPU.Build.0 = Release|Any CPU
	EndGlobalSection
	GlobalSection(SolutionProperties) = preSolution
		HideSolutionNode = FALSE
	EndGlobalSection
	GlobalSection(ExtensibilityGlobals) = postSolution
		SolutionGuid = {EB1BF211-C29D-41EB-BBD9-C86D9C438265}
	EndGlobalSection
EndGlobal
